
Microsoft Visual Studio Solution File, Format Version 12.00
# Visual Studio Version 16
VisualStudioVersion = 16.0.32929.386
MinimumVisualStudioVersion = 10.0.40219.1
Project("{FAE04EC0-301F-11D3-BF4B-00C04F79EFBC}") = "CampfireLogoAnimation.Android", "CampfireLogoAnimation.Android\CampfireLogoAnimation.Android.csproj", "{A511CC10-0C9A-4F99-99F9-8CE235C6C5C7}"
EndProject
Project("{FAE04EC0-301F-11D3-BF4B-00C04F79EFBC}") = "CampfireLogoAnimation", "CampfireLogoAnimation\CampfireLogoAnimation.csproj", "{FBDAA8CB-6225-4B3B-88B3-2DB71C4BB753}"
EndProject
Global
	GlobalSection(SolutionConfigurationPlatforms) = preSolution
		Debug|Any CPU = Debug|Any CPU
		Release|Any CPU = Release|Any CPU
	EndGlobalSection
	GlobalSection(ProjectConfigurationPlatforms) = postSolution
		{A511CC10-0C9A-4F99-99F9-8CE235C6C5C7}.Debug|Any CPU.ActiveCfg = Debug|Any CPU
		{A511CC10-0C9A-4F99-99F9-8CE235C6C5C7}.Debug|Any CPU.Build.0 = Debug|Any CPU
		{A511CC10-0C9A-4F99-99F9-8CE235C6C5C7}.Debug|Any CPU.Deploy.0 = Debug|Any CPU
		{A511CC10-0C9A-4F99-99F9-8CE235C6C5C7}.Release|Any CPU.ActiveCfg = Release|Any CPU
		{A511CC10-0C9A-4F99-99F9-8CE235C6C5C7}.Release|Any CPU.Build.0 = Release|Any CPU
		{A511CC10-0C9A-4F99-99F9-8CE235C6C5C7}.Release|Any CPU.Deploy.0 = Release|Any CPU
		{FBDAA8CB-6225-4B3B-88B3-2DB71C4BB753}.Debug|Any CPU.ActiveCfg = Debug|Any CPU
		{FBDAA8CB-6225-4B3B-88B3-2DB71C4BB753}.Debug|Any CPU.Build.0 = Debug|Any CPU
		{FBDAA8CB-6225-4B3B-88B3-2DB71C4BB753}.Debug|Any CPU.Deploy.0 = Debug|Any CPU
		{FBDAA8CB-6225-4B3B-88B3-2DB71C4BB753}.Release|Any CPU.ActiveCfg = Release|Any CPU
		{FBDAA8CB-6225-4B3B-88B3-2DB71C4BB753}.Release|Any CPU.Build.0 = Release|Any CPU
		{FBDAA8CB-6225-4B3B-88B3-2DB71C4BB753}.Release|Any CPU.Deploy.0 = Release|Any CPU
	EndGlobalSection
	GlobalSection(SolutionProperties) = preSolution
		HideSolutionNode = FALSE
	EndGlobalSection
	GlobalSection(ExtensibilityGlobals) = postSolution
		SolutionGuid = {25ADC259-6FFF-4430-97C1-401F55829D42}
	EndGlobalSection
EndGlobal
